dependencies:
- name: jenkins
  repository: https://charts.jenkins.io
  version: 3.5.16
- name: chartmuseum
  repository: https://charts.helm.sh/stable
  version: 2.14.2
- name: go-demo-5
  repository: http://cm.192.168.99.104.nip.io
  version: 0.0.1
digest: sha256:f607b3a1e0e624f82637769b5acb78e7cc039bce1bf9caf2e15d7c7ee39ffc64
generated: "2021-10-04T20:44:31.129345+13:00"
